
Microsoft Visual Studio Solution File, Format Version 12.00
# Visual Studio 15
VisualStudioVersion = 15.0.28307.106
MinimumVisualStudioVersion = 10.0.40219.1
Project("{FAE04EC0-301F-11D3-BF4B-00C04F79EFBC}") = "AspnetCoreDemobackend", "AspnetCoreDemobackend\AspnetCoreDemobackend.csproj", "{1B0A9768-0871-4F38-91EA-238D31425E7F}"
EndProject
Global
	GlobalSection(SolutionConfigurationPlatforms) = preSolution
		Debug|Any CPU = Debug|Any CPU
		Release|Any CPU = Release|Any CPU
	EndGlobalSection
	GlobalSection(ProjectConfigurationPlatforms) = postSolution
		{1B0A9768-0871-4F38-91EA-238D31425E7F}.Debug|Any CPU.ActiveCfg = Debug|Any CPU
		{1B0A9768-0871-4F38-91EA-238D31425E7F}.Debug|Any CPU.Build.0 = Debug|Any CPU
		{1B0A9768-0871-4F38-91EA-238D31425E7F}.Release|Any CPU.ActiveCfg = Release|Any CPU
		{1B0A9768-0871-4F38-91EA-238D31425E7F}.Release|Any CPU.Build.0 = Release|Any CPU
	EndGlobalSection
	GlobalSection(SolutionProperties) = preSolution
		HideSolutionNode = FALSE
	EndGlobalSection
	GlobalSection(ExtensibilityGlobals) = postSolution
		SolutionGuid = {AB237181-2441-4DEC-B535-78D279DFE4D2}
	EndGlobalSection
EndGlobal
